
Microsoft Visual Studio Solution File, Format Version 12.00
# Visual Studio Version 17
VisualStudioVersion = 17.8.34330.188
MinimumVisualStudioVersion = 10.0.40219.1
Project("{2150E333-8FDC-42A3-9474-1A3956D46DE8}") = "src", "src", "{2782F2E7-EBFD-4718-847F-716DF7DF0360}"
EndProject
Project("{2150E333-8FDC-42A3-9474-1A3956D46DE8}") = "Solution Items", "Solution Items", "{6B60D3C8-1095-4F68-8BC9-4D7FAE8775FB}"
	ProjectSection(SolutionItems) = preProject
		.gitignore = .gitignore
		src\AuxLabs.Twitch\AuxLabs.Twitch.nuspec = src\AuxLabs.Twitch\AuxLabs.Twitch.nuspec
		AuxLabs.Twitch.targets = AuxLabs.Twitch.targets
		LICENSE = LICENSE
		README.md = README.md
	EndProjectSection
EndProject
Project("{FAE04EC0-301F-11D3-BF4B-00C04F79EFBC}") = "AuxLabs.Twitch.Core", "src\AuxLabs.Twitch.Core\AuxLabs.Twitch.Core.csproj", "{01C374C0-A60A-477C-9BA5-2721D05137BD}"
EndProject
Project("{FAE04EC0-301F-11D3-BF4B-00C04F79EFBC}") = "AuxLabs.Twitch.Helix.Api", "src\AuxLabs.Twitch.Helix.Api\AuxLabs.Twitch.Helix.Api.csproj", "{CC7356ED-DFAE-49E3-9E7A-0B2F6B46CE67}"
EndProject
Project("{FAE04EC0-301F-11D3-BF4B-00C04F79EFBC}") = "AuxLabs.Twitch.Helix", "src\AuxLabs.Twitch.Helix\AuxLabs.Twitch.Helix.csproj", "{2C2C3408-0780-4733-BCEA-EBA36C971ED2}"
EndProject
Project("{FAE04EC0-301F-11D3-BF4B-00C04F79EFBC}") = "AuxLabs.Twitch.Identity", "src\AuxLabs.Twitch.Identity\AuxLabs.Twitch.Identity.csproj", "{C8980AA1-35EA-4C4E-A732-1F286ABAB002}"
EndProject
Global
	GlobalSection(SolutionConfigurationPlatforms) = preSolution
		Debug|Any CPU = Debug|Any CPU
		Release|Any CPU = Release|Any CPU
	EndGlobalSection
	GlobalSection(ProjectConfigurationPlatforms) = postSolution
		{01C374C0-A60A-477C-9BA5-2721D05137BD}.Debug|Any CPU.ActiveCfg = Debug|Any CPU
		{01C374C0-A60A-477C-9BA5-2721D05137BD}.Debug|Any CPU.Build.0 = Debug|Any CPU
		{01C374C0-A60A-477C-9BA5-2721D05137BD}.Release|Any CPU.ActiveCfg = Release|Any CPU
		{01C374C0-A60A-477C-9BA5-2721D05137BD}.Release|Any CPU.Build.0 = Release|Any CPU
		{CC7356ED-DFAE-49E3-9E7A-0B2F6B46CE67}.Debug|Any CPU.ActiveCfg = Debug|Any CPU
		{CC7356ED-DFAE-49E3-9E7A-0B2F6B46CE67}.Debug|Any CPU.Build.0 = Debug|Any CPU
		{CC7356ED-DFAE-49E3-9E7A-0B2F6B46CE67}.Release|Any CPU.ActiveCfg = Release|Any CPU
		{CC7356ED-DFAE-49E3-9E7A-0B2F6B46CE67}.Release|Any CPU.Build.0 = Release|Any CPU
		{2C2C3408-0780-4733-BCEA-EBA36C971ED2}.Debug|Any CPU.ActiveCfg = Debug|Any CPU
		{2C2C3408-0780-4733-BCEA-EBA36C971ED2}.Debug|Any CPU.Build.0 = Debug|Any CPU
		{2C2C3408-0780-4733-BCEA-EBA36C971ED2}.Release|Any CPU.ActiveCfg = Release|Any CPU
		{2C2C3408-0780-4733-BCEA-EBA36C971ED2}.Release|Any CPU.Build.0 = Release|Any CPU
		{C8980AA1-35EA-4C4E-A732-1F286ABAB002}.Debug|Any CPU.ActiveCfg = Debug|Any CPU
		{C8980AA1-35EA-4C4E-A732-1F286ABAB002}.Debug|Any CPU.Build.0 = Debug|Any CPU
		{C8980AA1-35EA-4C4E-A732-1F286ABAB002}.Release|Any CPU.ActiveCfg = Release|Any CPU
		{C8980AA1-35EA-4C4E-A732-1F286ABAB002}.Release|Any CPU.Build.0 = Release|Any CPU
	EndGlobalSection
	GlobalSection(SolutionProperties) = preSolution
		HideSolutionNode = FALSE
	EndGlobalSection
	GlobalSection(NestedProjects) = preSolution
		{01C374C0-A60A-477C-9BA5-2721D05137BD} = {2782F2E7-EBFD-4718-847F-716DF7DF0360}
		{CC7356ED-DFAE-49E3-9E7A-0B2F6B46CE67} = {2782F2E7-EBFD-4718-847F-716DF7DF0360}
		{2C2C3408-0780-4733-BCEA-EBA36C971ED2} = {2782F2E7-EBFD-4718-847F-716DF7DF0360}
		{C8980AA1-35EA-4C4E-A732-1F286ABAB002} = {2782F2E7-EBFD-4718-847F-716DF7DF0360}
	EndGlobalSection
	GlobalSection(ExtensibilityGlobals) = postSolution
		SolutionGuid = {217C32F6-7B67-43CC-840F-B33DE5295060}
	EndGlobalSection
EndGlobal
