
Microsoft Visual Studio Solution File, Format Version 12.00
# Visual Studio Version 17
VisualStudioVersion = 17.0.31919.166
MinimumVisualStudioVersion = 10.0.40219.1
Project("{9A19103F-16F7-4668-BE54-9A1E7A4F7556}") = "AuxLabs.SimpleTwitch.Core", "src\AuxLabs.SimpleTwitch.Core\AuxLabs.SimpleTwitch.Core.csproj", "{BF56DA31-4A92-4BC0-8274-840D0DEE3910}"
EndProject
Project("{9A19103F-16F7-4668-BE54-9A1E7A4F7556}") = "AuxLabs.SimpleTwitch.Rest", "src\AuxLabs.SimpleTwitch.Rest\AuxLabs.SimpleTwitch.Rest.csproj", "{05B35FE7-A36F-45EC-B942-51AD72BCEBA7}"
EndProject
Project("{9A19103F-16F7-4668-BE54-9A1E7A4F7556}") = "AuxLabs.SimpleTwitch.Chat", "src\AuxLabs.SimpleTwitch.Chat\AuxLabs.SimpleTwitch.Chat.csproj", "{9E3D6C0B-85E1-47E1-90EB-DB65F7224171}"
EndProject
Project("{9A19103F-16F7-4668-BE54-9A1E7A4F7556}") = "AuxLabs.SimpleTwitch.PubSub", "src\AuxLabs.SimpleTwitch.PubSub\AuxLabs.SimpleTwitch.PubSub.csproj", "{25E720AA-BCC3-4B1A-84D7-56FF985D7D21}"
EndProject
Project("{9A19103F-16F7-4668-BE54-9A1E7A4F7556}") = "AuxLabs.SimpleTwitch.EventSub", "src\AuxLabs.SimpleTwitch.EventSub\AuxLabs.SimpleTwitch.EventSub.csproj", "{1E16ABE3-DD32-4A8E-B6D2-0AA63F55D57F}"
EndProject
Project("{2150E333-8FDC-42A3-9474-1A3956D46DE8}") = "src", "src", "{23B59A5B-4157-4BB6-89CF-A56A07211BE5}"
EndProject
Project("{2150E333-8FDC-42A3-9474-1A3956D46DE8}") = "tests", "tests", "{A662A963-C964-49FC-B1F1-C274712248BE}"
EndProject
Project("{9A19103F-16F7-4668-BE54-9A1E7A4F7556}") = "AuxLabs.SimpleTwitch.Sockets", "src\AuxLabs.SimpleTwitch.Sockets\AuxLabs.SimpleTwitch.Sockets.csproj", "{9DE6DBBA-810D-4A5E-B614-DCB754C45CBF}"
EndProject
Project("{2150E333-8FDC-42A3-9474-1A3956D46DE8}") = "Solution Items", "Solution Items", "{E5053E45-73CE-4AB0-89D4-3578B2FA0AEA}"
	ProjectSection(SolutionItems) = preProject
		.gitignore = .gitignore
		AuxLabs.SimpleTwitch.targets = AuxLabs.SimpleTwitch.targets
		LICENSE = LICENSE
		.github\workflows\main.yml = .github\workflows\main.yml
		README.md = README.md
	EndProjectSection
EndProject
Project("{9A19103F-16F7-4668-BE54-9A1E7A4F7556}") = "AuxLabs.SimpleTwitch.Tests", "tests\AuxLabs.SimpleTwitch.Tests\AuxLabs.SimpleTwitch.Tests.csproj", "{37DC7A5D-B7B6-4745-BC97-68273944FD7B}"
EndProject
Project("{2150E333-8FDC-42A3-9474-1A3956D46DE8}") = "examples", "examples", "{97479201-832C-4722-BB63-B1A462D5712F}"
EndProject
Project("{9A19103F-16F7-4668-BE54-9A1E7A4F7556}") = "ConsoleChatExample", "examples\ConsoleChatExample\ConsoleChatExample.csproj", "{C44C6B66-D3AE-4B6C-88CC-2DD345C00B6B}"
EndProject
Global
	GlobalSection(SolutionConfigurationPlatforms) = preSolution
		Debug|Any CPU = Debug|Any CPU
		Release|Any CPU = Release|Any CPU
	EndGlobalSection
	GlobalSection(ProjectConfigurationPlatforms) = postSolution
		{BF56DA31-4A92-4BC0-8274-840D0DEE3910}.Debug|Any CPU.ActiveCfg = Debug|Any CPU
		{BF56DA31-4A92-4BC0-8274-840D0DEE3910}.Debug|Any CPU.Build.0 = Debug|Any CPU
		{BF56DA31-4A92-4BC0-8274-840D0DEE3910}.Release|Any CPU.ActiveCfg = Release|Any CPU
		{BF56DA31-4A92-4BC0-8274-840D0DEE3910}.Release|Any CPU.Build.0 = Release|Any CPU
		{05B35FE7-A36F-45EC-B942-51AD72BCEBA7}.Debug|Any CPU.ActiveCfg = Debug|Any CPU
		{05B35FE7-A36F-45EC-B942-51AD72BCEBA7}.Debug|Any CPU.Build.0 = Debug|Any CPU
		{05B35FE7-A36F-45EC-B942-51AD72BCEBA7}.Release|Any CPU.ActiveCfg = Release|Any CPU
		{05B35FE7-A36F-45EC-B942-51AD72BCEBA7}.Release|Any CPU.Build.0 = Release|Any CPU
		{9E3D6C0B-85E1-47E1-90EB-DB65F7224171}.Debug|Any CPU.ActiveCfg = Debug|Any CPU
		{9E3D6C0B-85E1-47E1-90EB-DB65F7224171}.Debug|Any CPU.Build.0 = Debug|Any CPU
		{9E3D6C0B-85E1-47E1-90EB-DB65F7224171}.Release|Any CPU.ActiveCfg = Release|Any CPU
		{9E3D6C0B-85E1-47E1-90EB-DB65F7224171}.Release|Any CPU.Build.0 = Release|Any CPU
		{25E720AA-BCC3-4B1A-84D7-56FF985D7D21}.Debug|Any CPU.ActiveCfg = Debug|Any CPU
		{25E720AA-BCC3-4B1A-84D7-56FF985D7D21}.Debug|Any CPU.Build.0 = Debug|Any CPU
		{25E720AA-BCC3-4B1A-84D7-56FF985D7D21}.Release|Any CPU.ActiveCfg = Release|Any CPU
		{25E720AA-BCC3-4B1A-84D7-56FF985D7D21}.Release|Any CPU.Build.0 = Release|Any CPU
		{1E16ABE3-DD32-4A8E-B6D2-0AA63F55D57F}.Debug|Any CPU.ActiveCfg = Debug|Any CPU
		{1E16ABE3-DD32-4A8E-B6D2-0AA63F55D57F}.Debug|Any CPU.Build.0 = Debug|Any CPU
		{1E16ABE3-DD32-4A8E-B6D2-0AA63F55D57F}.Release|Any CPU.ActiveCfg = Release|Any CPU
		{1E16ABE3-DD32-4A8E-B6D2-0AA63F55D57F}.Release|Any CPU.Build.0 = Release|Any CPU
		{9DE6DBBA-810D-4A5E-B614-DCB754C45CBF}.Debug|Any CPU.ActiveCfg = Debug|Any CPU
		{9DE6DBBA-810D-4A5E-B614-DCB754C45CBF}.Debug|Any CPU.Build.0 = Debug|Any CPU
		{9DE6DBBA-810D-4A5E-B614-DCB754C45CBF}.Release|Any CPU.ActiveCfg = Release|Any CPU
		{9DE6DBBA-810D-4A5E-B614-DCB754C45CBF}.Release|Any CPU.Build.0 = Release|Any CPU
		{37DC7A5D-B7B6-4745-BC97-68273944FD7B}.Debug|Any CPU.ActiveCfg = Debug|Any CPU
		{37DC7A5D-B7B6-4745-BC97-68273944FD7B}.Debug|Any CPU.Build.0 = Debug|Any CPU
		{37DC7A5D-B7B6-4745-BC97-68273944FD7B}.Release|Any CPU.ActiveCfg = Release|Any CPU
		{37DC7A5D-B7B6-4745-BC97-68273944FD7B}.Release|Any CPU.Build.0 = Release|Any CPU
		{C44C6B66-D3AE-4B6C-88CC-2DD345C00B6B}.Debug|Any CPU.ActiveCfg = Debug|Any CPU
		{C44C6B66-D3AE-4B6C-88CC-2DD345C00B6B}.Debug|Any CPU.Build.0 = Debug|Any CPU
		{C44C6B66-D3AE-4B6C-88CC-2DD345C00B6B}.Release|Any CPU.ActiveCfg = Release|Any CPU
		{C44C6B66-D3AE-4B6C-88CC-2DD345C00B6B}.Release|Any CPU.Build.0 = Release|Any CPU
	EndGlobalSection
	GlobalSection(SolutionProperties) = preSolution
		HideSolutionNode = FALSE
	EndGlobalSection
	GlobalSection(NestedProjects) = preSolution
		{BF56DA31-4A92-4BC0-8274-840D0DEE3910} = {23B59A5B-4157-4BB6-89CF-A56A07211BE5}
		{05B35FE7-A36F-45EC-B942-51AD72BCEBA7} = {23B59A5B-4157-4BB6-89CF-A56A07211BE5}
		{9E3D6C0B-85E1-47E1-90EB-DB65F7224171} = {23B59A5B-4157-4BB6-89CF-A56A07211BE5}
		{25E720AA-BCC3-4B1A-84D7-56FF985D7D21} = {23B59A5B-4157-4BB6-89CF-A56A07211BE5}
		{1E16ABE3-DD32-4A8E-B6D2-0AA63F55D57F} = {23B59A5B-4157-4BB6-89CF-A56A07211BE5}
		{9DE6DBBA-810D-4A5E-B614-DCB754C45CBF} = {23B59A5B-4157-4BB6-89CF-A56A07211BE5}
		{37DC7A5D-B7B6-4745-BC97-68273944FD7B} = {A662A963-C964-49FC-B1F1-C274712248BE}
		{C44C6B66-D3AE-4B6C-88CC-2DD345C00B6B} = {97479201-832C-4722-BB63-B1A462D5712F}
	EndGlobalSection
	GlobalSection(ExtensibilityGlobals) = postSolution
		SolutionGuid = {361079B4-1C89-4323-AA00-5C8EB0EBE16A}
	EndGlobalSection
EndGlobal
